
Microsoft Visual Studio Solution File, Format Version 12.00
# Visual Studio 15
VisualStudioVersion = 15.0.28307.106
MinimumVisualStudioVersion = 10.0.40219.1
Project("{FAE04EC0-301F-11D3-BF4B-00C04F79EFBC}") = "ContactBookDump1", "ContactBookDump1\ContactBookDump1.csproj", "{EF4BACC2-DD75-4B6E-BD6E-9A52710CF2D9}"
EndProject
Global
	GlobalSection(SolutionConfigurationPlatforms) = preSolution
		Debug|Any CPU = Debug|Any CPU
		Release|Any CPU = Release|Any CPU
	EndGlobalSection
	GlobalSection(ProjectConfigurationPlatforms) = postSolution
		{EF4BACC2-DD75-4B6E-BD6E-9A52710CF2D9}.Debug|Any CPU.ActiveCfg = Debug|Any CPU
		{EF4BACC2-DD75-4B6E-BD6E-9A52710CF2D9}.Debug|Any CPU.Build.0 = Debug|Any CPU
		{EF4BACC2-DD75-4B6E-BD6E-9A52710CF2D9}.Release|Any CPU.ActiveCfg = Release|Any CPU
		{EF4BACC2-DD75-4B6E-BD6E-9A52710CF2D9}.Release|Any CPU.Build.0 = Release|Any CPU
	EndGlobalSection
	GlobalSection(SolutionProperties) = preSolution
		HideSolutionNode = FALSE
	EndGlobalSection
	GlobalSection(ExtensibilityGlobals) = postSolution
		SolutionGuid = {E56B9D19-147B-4119-B8BC-37AE3E524D9A}
	EndGlobalSection
EndGlobal
